{
    "_meta": {
        "hash": {
            "sha256": "5425faf6172055025ffd21684b0df35dfd6b71140e11d261fceeb3a23683570a"
        },
        "pipfile-spec": 6,
        "requires": {
            "python_version": "3.10"
        },
        "sources": [
            {
                "name": "pypi",
                "url": "https://pypi.org/simple",
                "verify_ssl": true
            }
        ]
    },
    "default": {},
    "develop": {
        "pycodestyle": {
            "hashes": [
                "sha256:41ba0e7afc9752dfb53ced5489e89f8186be00e599e712660695b7a75ff2663f",
                "sha256:44fe31000b2d866f2e41841b18528a505fbd7fef9017b04eff4e2648a0fadc67"
            ],
            "index": "pypi",
            "markers": "python_version >= '3.8'",
            "version": "==2.11.1"
        }
    }
}
